
Microsoft Visual Studio Solution File, Format Version 12.00
# Visual Studio 15
VisualStudioVersion = 15.0.28307.705
MinimumVisualStudioVersion = 10.0.40219.1
Project("{FAE04EC0-301F-11D3-BF4B-00C04F79EFBC}") = "DMJ_Taskbar", "DMJ_Taskbar\DMJ_Taskbar.csproj", "{E798E2FA-0A3B-45E7-A069-C3F82077218A}"
EndProject
Global
	GlobalSection(SolutionConfigurationPlatforms) = preSolution
		Debug|Any CPU = Debug|Any CPU
		Release|Any CPU = Release|Any CPU
	EndGlobalSection
	GlobalSection(ProjectConfigurationPlatforms) = postSolution
		{E798E2FA-0A3B-45E7-A069-C3F82077218A}.Debug|Any CPU.ActiveCfg = Debug|Any CPU
		{E798E2FA-0A3B-45E7-A069-C3F82077218A}.Debug|Any CPU.Build.0 = Debug|Any CPU
		{E798E2FA-0A3B-45E7-A069-C3F82077218A}.Release|Any CPU.ActiveCfg = Release|Any CPU
		{E798E2FA-0A3B-45E7-A069-C3F82077218A}.Release|Any CPU.Build.0 = Release|Any CPU
	EndGlobalSection
	GlobalSection(SolutionProperties) = preSolution
		HideSolutionNode = FALSE
	EndGlobalSection
	GlobalSection(ExtensibilityGlobals) = postSolution
		SolutionGuid = {38AC218F-081E-4185-956B-7ACC21C36727}
	EndGlobalSection
EndGlobal
